
Microsoft Visual Studio Solution File, Format Version 12.00
# Visual Studio 2015
Project("{FAE04EC0-301F-11D3-BF4B-00C04F79EFBC}") = "Sky Jumper.CSharp", "Sky Jumper.CSharp.csproj", "{9A63C9CC-CEA9-AACC-4B0F-C4F3BA20B02B}"
EndProject
Project("{FAE04EC0-301F-11D3-BF4B-00C04F79EFBC}") = "Sky Jumper.CSharp.Editor", "Sky Jumper.CSharp.Editor.csproj", "{221D43A1-A461-718B-CFCE-EC519BAF1DCA}"
EndProject
Global
	GlobalSection(SolutionConfigurationPlatforms) = preSolution
		Debug|Any CPU = Debug|Any CPU
		Release|Any CPU = Release|Any CPU
	EndGlobalSection
	GlobalSection(ProjectConfigurationPlatforms) = postSolution
		{9A63C9CC-CEA9-AACC-4B0F-C4F3BA20B02B}.Debug|Any CPU.ActiveCfg = Debug|Any CPU
		{9A63C9CC-CEA9-AACC-4B0F-C4F3BA20B02B}.Debug|Any CPU.Build.0 = Debug|Any CPU
		{9A63C9CC-CEA9-AACC-4B0F-C4F3BA20B02B}.Release|Any CPU.ActiveCfg = Release|Any CPU
		{9A63C9CC-CEA9-AACC-4B0F-C4F3BA20B02B}.Release|Any CPU.Build.0 = Release|Any CPU
		{221D43A1-A461-718B-CFCE-EC519BAF1DCA}.Debug|Any CPU.ActiveCfg = Debug|Any CPU
		{221D43A1-A461-718B-CFCE-EC519BAF1DCA}.Debug|Any CPU.Build.0 = Debug|Any CPU
		{221D43A1-A461-718B-CFCE-EC519BAF1DCA}.Release|Any CPU.ActiveCfg = Release|Any CPU
		{221D43A1-A461-718B-CFCE-EC519BAF1DCA}.Release|Any CPU.Build.0 = Release|Any CPU
	EndGlobalSection
	GlobalSection(SolutionProperties) = preSolution
		HideSolutionNode = FALSE
	EndGlobalSection
EndGlobal
